
Microsoft Visual Studio Solution File, Format Version 12.00
# Visual Studio Version 17
VisualStudioVersion = 17.3.32929.385
MinimumVisualStudioVersion = 10.0.40219.1
Project("{FAE04EC0-301F-11D3-BF4B-00C04F79EFBC}") = "BabyStroller", "BabyStroller.csproj", "{18D3D208-6336-4922-9DA8-7D86C2843155}"
EndProject
Global
	GlobalSection(SolutionConfigurationPlatforms) = preSolution
		Debug|Any CPU = Debug|Any CPU
		Release|Any CPU = Release|Any CPU
	EndGlobalSection
	GlobalSection(ProjectConfigurationPlatforms) = postSolution
		{18D3D208-6336-4922-9DA8-7D86C2843155}.Debug|Any CPU.ActiveCfg = Debug|Any CPU
		{18D3D208-6336-4922-9DA8-7D86C2843155}.Debug|Any CPU.Build.0 = Debug|Any CPU
		{18D3D208-6336-4922-9DA8-7D86C2843155}.Release|Any CPU.ActiveCfg = Release|Any CPU
		{18D3D208-6336-4922-9DA8-7D86C2843155}.Release|Any CPU.Build.0 = Release|Any CPU
	EndGlobalSection
	GlobalSection(SolutionProperties) = preSolution
		HideSolutionNode = FALSE
	EndGlobalSection
	GlobalSection(ExtensibilityGlobals) = postSolution
		SolutionGuid = {FBC0634E-3ADF-4084-90EE-B1DEDD378DFC}
	EndGlobalSection
EndGlobal
